
Microsoft Visual Studio Solution File, Format Version 12.00
# Visual Studio Version 16
VisualStudioVersion = 16.0.30204.135
MinimumVisualStudioVersion = 10.0.40219.1
Project("{9A19103F-16F7-4668-BE54-9A1E7A4F7556}") = "AzureFunctionsV1.DependencyInjection.Infra", "AzureFunctionsV1.DependencyInjection.Infra\AzureFunctionsV1.DependencyInjection.Infra.csproj", "{F1E6263B-62B1-4002-A717-E6B93BED3D2B}"
EndProject
Project("{FAE04EC0-301F-11D3-BF4B-00C04F79EFBC}") = "AzureFunctionsV1.DependencyInjection.NETFramework.Examples", "FunctionApp.NETFramework.Examples\AzureFunctionsV1.DependencyInjection.NETFramework.Examples.csproj", "{602C7410-3A8A-4016-BBF4-61B7C6AA5BFE}"
EndProject
Global
	GlobalSection(SolutionConfigurationPlatforms) = preSolution
		Debug|Any CPU = Debug|Any CPU
		Release|Any CPU = Release|Any CPU
	EndGlobalSection
	GlobalSection(ProjectConfigurationPlatforms) = postSolution
		{F1E6263B-62B1-4002-A717-E6B93BED3D2B}.Debug|Any CPU.ActiveCfg = Debug|Any CPU
		{F1E6263B-62B1-4002-A717-E6B93BED3D2B}.Debug|Any CPU.Build.0 = Debug|Any CPU
		{F1E6263B-62B1-4002-A717-E6B93BED3D2B}.Release|Any CPU.ActiveCfg = Release|Any CPU
		{F1E6263B-62B1-4002-A717-E6B93BED3D2B}.Release|Any CPU.Build.0 = Release|Any CPU
		{602C7410-3A8A-4016-BBF4-61B7C6AA5BFE}.Debug|Any CPU.ActiveCfg = Debug|Any CPU
		{602C7410-3A8A-4016-BBF4-61B7C6AA5BFE}.Debug|Any CPU.Build.0 = Debug|Any CPU
		{602C7410-3A8A-4016-BBF4-61B7C6AA5BFE}.Release|Any CPU.ActiveCfg = Release|Any CPU
		{602C7410-3A8A-4016-BBF4-61B7C6AA5BFE}.Release|Any CPU.Build.0 = Release|Any CPU
	EndGlobalSection
	GlobalSection(SolutionProperties) = preSolution
		HideSolutionNode = FALSE
	EndGlobalSection
	GlobalSection(ExtensibilityGlobals) = postSolution
		SolutionGuid = {7E793856-2399-46D8-BDF2-4F3A0D3AA979}
	EndGlobalSection
EndGlobal
